{
  "name": "mktouch",
  "version": "1.0.0",
  "lockfileVersion": 3,
  "requires": true,
  "packages": {
    "": {
      "name": "mktouch",
      "version": "1.0.0",
      "license": "MIT",
      "bin": {
        "mktouch": "bin/mktouch.js"
      },
      "engines": {
        "node": ">=14.0.0"
      }
    }
  }
}
